
Microsoft Visual Studio Solution File, Format Version 12.00
# Visual Studio Version 17
VisualStudioVersion = 17.7.34003.232
MinimumVisualStudioVersion = 10.0.40219.1
Project("{FAE04EC0-301F-11D3-BF4B-00C04F79EFBC}") = "crudMvc", "crudMvc\crudMvc.csproj", "{EF119BCC-507F-4225-A04C-9A86BCE1FD65}"
EndProject
Global
	GlobalSection(SolutionConfigurationPlatforms) = preSolution
		Debug|Any CPU = Debug|Any CPU
		Release|Any CPU = Release|Any CPU
	EndGlobalSection
	GlobalSection(ProjectConfigurationPlatforms) = postSolution
		{EF119BCC-507F-4225-A04C-9A86BCE1FD65}.Debug|Any CPU.ActiveCfg = Debug|Any CPU
		{EF119BCC-507F-4225-A04C-9A86BCE1FD65}.Debug|Any CPU.Build.0 = Debug|Any CPU
		{EF119BCC-507F-4225-A04C-9A86BCE1FD65}.Release|Any CPU.ActiveCfg = Release|Any CPU
		{EF119BCC-507F-4225-A04C-9A86BCE1FD65}.Release|Any CPU.Build.0 = Release|Any CPU
	EndGlobalSection
	GlobalSection(SolutionProperties) = preSolution
		HideSolutionNode = FALSE
	EndGlobalSection
	GlobalSection(ExtensibilityGlobals) = postSolution
		SolutionGuid = {2B4CB158-8091-497E-ACC7-F237EE7442C2}
	EndGlobalSection
EndGlobal
